
Microsoft Visual Studio Solution File, Format Version 12.00
# Visual Studio Version 16
VisualStudioVersion = 16.0.30517.126
MinimumVisualStudioVersion = 10.0.40219.1
Project("{FAE04EC0-301F-11D3-BF4B-00C04F79EFBC}") = "TCI_ProcessT", "TCI_ProcessT\TCI_ProcessT.csproj", "{A32637F6-061F-45C3-A7E4-6929EF64EF1E}"
EndProject
Global
	GlobalSection(SolutionConfigurationPlatforms) = preSolution
		Debug|Any CPU = Debug|Any CPU
		Release|Any CPU = Release|Any CPU
	EndGlobalSection
	GlobalSection(ProjectConfigurationPlatforms) = postSolution
		{A32637F6-061F-45C3-A7E4-6929EF64EF1E}.Debug|Any CPU.ActiveCfg = Debug|Any CPU
		{A32637F6-061F-45C3-A7E4-6929EF64EF1E}.Debug|Any CPU.Build.0 = Debug|Any CPU
		{A32637F6-061F-45C3-A7E4-6929EF64EF1E}.Release|Any CPU.ActiveCfg = Release|Any CPU
		{A32637F6-061F-45C3-A7E4-6929EF64EF1E}.Release|Any CPU.Build.0 = Release|Any CPU
	EndGlobalSection
	GlobalSection(SolutionProperties) = preSolution
		HideSolutionNode = FALSE
	EndGlobalSection
	GlobalSection(ExtensibilityGlobals) = postSolution
		SolutionGuid = {C3DE518D-AD9B-4C8F-BD63-4CD68B710DF1}
	EndGlobalSection
EndGlobal
